
Microsoft Visual Studio Solution File, Format Version 12.00
# Visual Studio Version 17
VisualStudioVersion = 17.6.33723.286
MinimumVisualStudioVersion = 10.0.40219.1
Project("{FAE04EC0-301F-11D3-BF4B-00C04F79EFBC}") = "Task 1 Matrix", "Task 1 Matrix\Task 1 Matrix.csproj", "{9ECBE9D9-2905-4180-81F5-598D5041A354}"
EndProject
Global
	GlobalSection(SolutionConfigurationPlatforms) = preSolution
		Debug|Any CPU = Debug|Any CPU
		Release|Any CPU = Release|Any CPU
	EndGlobalSection
	GlobalSection(ProjectConfigurationPlatforms) = postSolution
		{9ECBE9D9-2905-4180-81F5-598D5041A354}.Debug|Any CPU.ActiveCfg = Debug|Any CPU
		{9ECBE9D9-2905-4180-81F5-598D5041A354}.Debug|Any CPU.Build.0 = Debug|Any CPU
		{9ECBE9D9-2905-4180-81F5-598D5041A354}.Release|Any CPU.ActiveCfg = Release|Any CPU
		{9ECBE9D9-2905-4180-81F5-598D5041A354}.Release|Any CPU.Build.0 = Release|Any CPU
	EndGlobalSection
	GlobalSection(SolutionProperties) = preSolution
		HideSolutionNode = FALSE
	EndGlobalSection
	GlobalSection(ExtensibilityGlobals) = postSolution
		SolutionGuid = {ACB2B3D4-357A-4260-8F3E-3440545B0B97}
	EndGlobalSection
EndGlobal
