
Microsoft Visual Studio Solution File, Format Version 12.00
# Visual Studio Version 17
VisualStudioVersion = 17.6.33723.286
MinimumVisualStudioVersion = 10.0.40219.1
Project("{FAE04EC0-301F-11D3-BF4B-00C04F79EFBC}") = "Assignment_13", "Assignment_13\Assignment_13.csproj", "{A75FF8CC-F386-4980-9677-47D2BD1B176F}"
EndProject
Global
	GlobalSection(SolutionConfigurationPlatforms) = preSolution
		Debug|Any CPU = Debug|Any CPU
		Release|Any CPU = Release|Any CPU
	EndGlobalSection
	GlobalSection(ProjectConfigurationPlatforms) = postSolution
		{A75FF8CC-F386-4980-9677-47D2BD1B176F}.Debug|Any CPU.ActiveCfg = Debug|Any CPU
		{A75FF8CC-F386-4980-9677-47D2BD1B176F}.Debug|Any CPU.Build.0 = Debug|Any CPU
		{A75FF8CC-F386-4980-9677-47D2BD1B176F}.Release|Any CPU.ActiveCfg = Release|Any CPU
		{A75FF8CC-F386-4980-9677-47D2BD1B176F}.Release|Any CPU.Build.0 = Release|Any CPU
	EndGlobalSection
	GlobalSection(SolutionProperties) = preSolution
		HideSolutionNode = FALSE
	EndGlobalSection
	GlobalSection(ExtensibilityGlobals) = postSolution
		SolutionGuid = {A54A1F52-B011-4CA7-9564-3195599847A6}
	EndGlobalSection
EndGlobal
