
Microsoft Visual Studio Solution File, Format Version 12.00
# Visual Studio Version 17
VisualStudioVersion = 17.6.33723.286
MinimumVisualStudioVersion = 10.0.40219.1
Project("{FAE04EC0-301F-11D3-BF4B-00C04F79EFBC}") = "Task 1", "Task 1\Task 1.csproj", "{95B8BA98-61AD-4246-855E-2FDD5B88AA64}"
EndProject
Project("{FAE04EC0-301F-11D3-BF4B-00C04F79EFBC}") = "Task 2", "Task 2\Task 2.csproj", "{1BBBD32C-1741-4300-9DA1-92FE51D47464}"
EndProject
Global
	GlobalSection(SolutionConfigurationPlatforms) = preSolution
		Debug|Any CPU = Debug|Any CPU
		Release|Any CPU = Release|Any CPU
	EndGlobalSection
	GlobalSection(ProjectConfigurationPlatforms) = postSolution
		{95B8BA98-61AD-4246-855E-2FDD5B88AA64}.Debug|Any CPU.ActiveCfg = Debug|Any CPU
		{95B8BA98-61AD-4246-855E-2FDD5B88AA64}.Debug|Any CPU.Build.0 = Debug|Any CPU
		{95B8BA98-61AD-4246-855E-2FDD5B88AA64}.Release|Any CPU.ActiveCfg = Release|Any CPU
		{95B8BA98-61AD-4246-855E-2FDD5B88AA64}.Release|Any CPU.Build.0 = Release|Any CPU
		{1BBBD32C-1741-4300-9DA1-92FE51D47464}.Debug|Any CPU.ActiveCfg = Debug|Any CPU
		{1BBBD32C-1741-4300-9DA1-92FE51D47464}.Debug|Any CPU.Build.0 = Debug|Any CPU
		{1BBBD32C-1741-4300-9DA1-92FE51D47464}.Release|Any CPU.ActiveCfg = Release|Any CPU
		{1BBBD32C-1741-4300-9DA1-92FE51D47464}.Release|Any CPU.Build.0 = Release|Any CPU
	EndGlobalSection
	GlobalSection(SolutionProperties) = preSolution
		HideSolutionNode = FALSE
	EndGlobalSection
	GlobalSection(ExtensibilityGlobals) = postSolution
		SolutionGuid = {D5635146-4CF8-4C5C-B3D3-B3E7327D26A8}
	EndGlobalSection
EndGlobal
